PODS:
  - Crashlytics (3.7.0):
    - Fabric (~> 1.6.3)
  - Fabric (1.6.4)
  - Shimmer (1.0.2)
  - UIColor_Hex_Swift (1.8)

DEPENDENCIES:
  - Crashlytics
  - Fabric
  - Shimmer
  - UIColor_Hex_Swift (~> 1.8)

SPEC CHECKSUMS:
  Crashlytics: c3a2333dea9e2733d2777f730910321fc9e25c0d
  Fabric: ed41fd62173c6bdea24ab02c9d7707161eabb750
  Shimmer: c5374be1c2b0c9e292fb05b339a513cf291cac86
  UIColor_Hex_Swift: a66b9d5f6e8fddbd9fe32996504f0b7e9d20d680

COCOAPODS: 0.39.0
