PODS:
  - Crashlytics (3.7.0):
    - Fabric (~> 1.6.3)
  - Fabric (1.6.6)
  - Shimmer (1.0.2)
  - UIColor_Hex_Swift (1.9)

DEPENDENCIES:
  - Crashlytics
  - Fabric
  - Shimmer
  - UIColor_Hex_Swift (~> 1.9)

SPEC CHECKSUMS:
  Crashlytics: c3a2333dea9e2733d2777f730910321fc9e25c0d
  Fabric: 1abc1e59f11fa39ede6f690ef7309d8563e3ec59
  Shimmer: c5374be1c2b0c9e292fb05b339a513cf291cac86
  UIColor_Hex_Swift: 2ee747c0fed8b72b2135ef474b80a6921e489daa

COCOAPODS: 0.39.0
