PODS:
  - Crashlytics (3.7.0):
    - Fabric (~> 1.6.3)
  - Fabric (1.6.7)
  - LTMorphingLabel (0.2.0)
  - Shimmer (1.0.2)

DEPENDENCIES:
  - Crashlytics
  - Fabric
  - LTMorphingLabel
  - Shimmer

SPEC CHECKSUMS:
  Crashlytics: c3a2333dea9e2733d2777f730910321fc9e25c0d
  Fabric: caf7580c725e64db144f610ac65cd60956911dc7
  LTMorphingLabel: 490aa8e079f9247c7f3130f7d4b1be1d66677377
  Shimmer: c5374be1c2b0c9e292fb05b339a513cf291cac86

COCOAPODS: 0.39.0
