// !$*UTF8*$!
{
	archiveVersion = 1;
	classes = {
	};
	objectVersion = 46;
	objects = {

/* Begin PBXBuildFile section */
		BB10DD321C59DF940079C480 /* AppDelegate.swift in Sources */ = {isa = PBXBuildFile; fileRef = BB10DD311C59DF940079C480 /* AppDelegate.swift */; };
		BB10DD341C59DF940079C480 /* ViewController.swift in Sources */ = {isa = PBXBuildFile; fileRef = BB10DD331C59DF940079C480 /* ViewController.swift */; };
		BB10DD371C59DF940079C480 /* Main.storyboard in Resources */ = {isa = PBXBuildFile; fileRef = BB10DD351C59DF940079C480 /* Main.storyboard */; };
		BB10DD391C59DF940079C480 /* Assets.xcassets in Resources */ = {isa = PBXBuildFile; fileRef = BB10DD381C59DF940079C480 /* Assets.xcassets */; };
		BB10DD3C1C59DF940079C480 /* LaunchScreen.storyboard in Resources */ = {isa = PBXBuildFile; fileRef = BB10DD3A1C59DF940079C480 /* LaunchScreen.storyboard */; };
		BB10DD471C59DF940079C480 /* Avery_LampTests.swift in Sources */ = {isa = PBXBuildFile; fileRef = BB10DD461C59DF940079C480 /* Avery_LampTests.swift */; };
		BB10DD521C59DF940079C480 /* Avery_LampUITests.swift in Sources */ = {isa = PBXBuildFile; fileRef = BB10DD511C59DF940079C480 /* Avery_LampUITests.swift */; };
		BB10DD621C59DFDC0079C480 /* CALayer+DrawAnimation.m in Sources */ = {isa = PBXBuildFile; fileRef = BB10DD611C59DFDC0079C480 /* CALayer+DrawAnimation.m */; };
		BB10DD651C59DFFC0079C480 /* UILabel+DrawAnimation.m in Sources */ = {isa = PBXBuildFile; fileRef = BB10DD641C59DFFC0079C480 /* UILabel+DrawAnimation.m */; };
		BB10DD961C59E5FD0079C480 /* SplashViewController.swift in Sources */ = {isa = PBXBuildFile; fileRef = BB10DD951C59E5FD0079C480 /* SplashViewController.swift */; };
		BB34038B1C61E9D0004F53DF /* HomeViewController.swift in Sources */ = {isa = PBXBuildFile; fileRef = BB34038A1C61E9D0004F53DF /* HomeViewController.swift */; };
		BBBBFAB71C97208400770E00 /* ExpandingTableViewController.swift in Sources */ = {isa = PBXBuildFile; fileRef = BBBBFAB61C97208400770E00 /* ExpandingTableViewController.swift */; };
		BBBBFAB91C97209300770E00 /* ExpandingTableViewCell.swift in Sources */ = {isa = PBXBuildFile; fileRef = BBBBFAB81C97209300770E00 /* ExpandingTableViewCell.swift */; };
		BBE54C3A1C9D321400EA9E7A /* ExpandingCell.swift in Sources */ = {isa = PBXBuildFile; fileRef = BBE54C391C9D321400EA9E7A /* ExpandingCell.swift */; };
		BBE54C3C1C9D38C000EA9E7A /* MyAppsTableViewController.swift in Sources */ = {isa = PBXBuildFile; fileRef = BBE54C3B1C9D38C000EA9E7A /* MyAppsTableViewController.swift */; };
		BBE54C791C9D5AF600EA9E7A /* ADAM.CG PRO.otf in Resources */ = {isa = PBXBuildFile; fileRef = BBE54C781C9D5A6600EA9E7A /* ADAM.CG PRO.otf */; };
		BBE54C7A1C9D5B0D00EA9E7A /* Panton-Black.otf in Resources */ = {isa = PBXBuildFile; fileRef = BBE54C3D1C9D5A1F00EA9E7A /* Panton-Black.otf */; };
		BBE54C7B1C9D5B0D00EA9E7A /* Panton-Bold.otf in Resources */ = {isa = PBXBuildFile; fileRef = BBE54C3E1C9D5A1F00EA9E7A /* Panton-Bold.otf */; };
		BBE54C7C1C9D5B0D00EA9E7A /* Panton-ExtraBold.otf in Resources */ = {isa = PBXBuildFile; fileRef = BBE54C3F1C9D5A1F00EA9E7A /* Panton-ExtraBold.otf */; };
		BBE54C7D1C9D5B0D00EA9E7A /* Panton-ExtraLight.otf in Resources */ = {isa = PBXBuildFile; fileRef = BBE54C401C9D5A1F00EA9E7A /* Panton-ExtraLight.otf */; };
		BBE54C7E1C9D5B0D00EA9E7A /* Panton-Heavy.otf in Resources */ = {isa = PBXBuildFile; fileRef = BBE54C411C9D5A1F00EA9E7A /* Panton-Heavy.otf */; };
		BBE54C7F1C9D5B0D00EA9E7A /* Panton-Light.otf in Resources */ = {isa = PBXBuildFile; fileRef = BBE54C421C9D5A1F00EA9E7A /* Panton-Light.otf */; };
		BBE54C801C9D5B0D00EA9E7A /* Panton-Regular.otf in Resources */ = {isa = PBXBuildFile; fileRef = BBE54C431C9D5A1F00EA9E7A /* Panton-Regular.otf */; };
		BBE54C811C9D5B0D00EA9E7A /* Panton-SemiBold.otf in Resources */ = {isa = PBXBuildFile; fileRef = BBE54C441C9D5A1F00EA9E7A /* Panton-SemiBold.otf */; };
		BBE54C821C9D5B0D00EA9E7A /* Panton-Thin.otf in Resources */ = {isa = PBXBuildFile; fileRef = BBE54C451C9D5A1F00EA9E7A /* Panton-Thin.otf */; };
		BBFFC4511C88AF2800A8B5C5 /* MyStoryViewController.swift in Sources */ = {isa = PBXBuildFile; fileRef = BBFFC4501C88AF2800A8B5C5 /* MyStoryViewController.swift */; };
		BBFFC4531C88AF3100A8B5C5 /* MyAppsViewController.swift in Sources */ = {isa = PBXBuildFile; fileRef = BBFFC4521C88AF3100A8B5C5 /* MyAppsViewController.swift */; };
		BBFFC4551C88AF7E00A8B5C5 /* MyInfoViewController.swift in Sources */ = {isa = PBXBuildFile; fileRef = BBFFC4541C88AF7E00A8B5C5 /* MyInfoViewController.swift */; };
		FD28E1FA33D009710E4BE6F8 /* Pods.framework in Frameworks */ = {isa = PBXBuildFile; fileRef = 85EB57D2745956D1EC5A9497 /* Pods.framework */; };
/* End PBXBuildFile section */

/* Begin PBXContainerItemProxy section */
		BB10DD431C59DF940079C480 /* PBXContainerItemProxy */ = {
			isa = PBXContainerItemProxy;
			containerPortal = BB10DD261C59DF940079C480 /* Project object */;
			proxyType = 1;
			remoteGlobalIDString = BB10DD2D1C59DF940079C480;
			remoteInfo = "Avery Lamp";
		};
		BB10DD4E1C59DF940079C480 /* PBXContainerItemProxy */ = {
			isa = PBXContainerItemProxy;
			containerPortal = BB10DD261C59DF940079C480 /* Project object */;
			proxyType = 1;
			remoteGlobalIDString = BB10DD2D1C59DF940079C480;
			remoteInfo = "Avery Lamp";
		};
/* End PBXContainerItemProxy section */

/* Begin PBXFileReference section */
		5AF141CD9D659FD64A7BC9D9 /* Pods.debug.xcconfig */ = {isa = PBXFileReference; includeInIndex = 1; lastKnownFileType = text.xcconfig; name = Pods.debug.xcconfig; path = "Pods/Target Support Files/Pods/Pods.debug.xcconfig"; sourceTree = "<group>"; };
		85EB57D2745956D1EC5A9497 /* Pods.framework */ = {isa = PBXFileReference; explicitFileType = wrapper.framework; includeInIndex = 0; path = Pods.framework; sourceTree = BUILT_PRODUCTS_DIR; };
		BB10DD2E1C59DF940079C480 /* Avery Lamp.app */ = {isa = PBXFileReference; explicitFileType = wrapper.application; includeInIndex = 0; path = "Avery Lamp.app"; sourceTree = BUILT_PRODUCTS_DIR; };
		BB10DD311C59DF940079C480 /* AppDelegate.swift */ = {isa = PBXFileReference; lastKnownFileType = sourcecode.swift; path = AppDelegate.swift; sourceTree = "<group>"; };
		BB10DD331C59DF940079C480 /* ViewController.swift */ = {isa = PBXFileReference; lastKnownFileType = sourcecode.swift; path = ViewController.swift; sourceTree = "<group>"; };
		BB10DD361C59DF940079C480 /* Base */ = {isa = PBXFileReference; lastKnownFileType = file.storyboard; name = Base; path = Base.lproj/Main.storyboard; sourceTree = "<group>"; };
		BB10DD381C59DF940079C480 /* Assets.xcassets */ = {isa = PBXFileReference; lastKnownFileType = folder.assetcatalog; path = Assets.xcassets; sourceTree = "<group>"; };
		BB10DD3B1C59DF940079C480 /* Base */ = {isa = PBXFileReference; lastKnownFileType = file.storyboard; name = Base; path = Base.lproj/LaunchScreen.storyboard; sourceTree = "<group>"; };
		BB10DD3D1C59DF940079C480 /* Info.plist */ = {isa = PBXFileReference; lastKnownFileType = text.plist.xml; path = Info.plist; sourceTree = "<group>"; };
		BB10DD421C59DF940079C480 /* Avery LampTests.xctest */ = {isa = PBXFileReference; explicitFileType = wrapper.cfbundle; includeInIndex = 0; path = "Avery LampTests.xctest"; sourceTree = BUILT_PRODUCTS_DIR; };
		BB10DD461C59DF940079C480 /* Avery_LampTests.swift */ = {isa = PBXFileReference; lastKnownFileType = sourcecode.swift; path = Avery_LampTests.swift; sourceTree = "<group>"; };
		BB10DD481C59DF940079C480 /* Info.plist */ = {isa = PBXFileReference; lastKnownFileType = text.plist.xml; path = Info.plist; sourceTree = "<group>"; };
		BB10DD4D1C59DF940079C480 /* Avery LampUITests.xctest */ = {isa = PBXFileReference; explicitFileType = wrapper.cfbundle; includeInIndex = 0; path = "Avery LampUITests.xctest"; sourceTree = BUILT_PRODUCTS_DIR; };
		BB10DD511C59DF940079C480 /* Avery_LampUITests.swift */ = {isa = PBXFileReference; lastKnownFileType = sourcecode.swift; path = Avery_LampUITests.swift; sourceTree = "<group>"; };
		BB10DD531C59DF940079C480 /* Info.plist */ = {isa = PBXFileReference; lastKnownFileType = text.plist.xml; path = Info.plist; sourceTree = "<group>"; };
		BB10DD5F1C59DFDB0079C480 /* Avery Lamp-Bridging-Header.h */ = {isa = PBXFileReference; lastKnownFileType = sourcecode.c.h; path = "Avery Lamp-Bridging-Header.h"; sourceTree = "<group>"; };
		BB10DD601C59DFDC0079C480 /* CALayer+DrawAnimation.h */ = {isa = PBXFileReference; fileEncoding = 4; lastKnownFileType = sourcecode.c.h; path = "CALayer+DrawAnimation.h"; sourceTree = "<group>"; };
		BB10DD611C59DFDC0079C480 /* CALayer+DrawAnimation.m */ = {isa = PBXFileReference; fileEncoding = 4; lastKnownFileType = sourcecode.c.objc; path = "CALayer+DrawAnimation.m"; sourceTree = "<group>"; };
		BB10DD631C59DFFC0079C480 /* UILabel+DrawAnimation.h */ = {isa = PBXFileReference; fileEncoding = 4; lastKnownFileType = sourcecode.c.h; path = "UILabel+DrawAnimation.h"; sourceTree = "<group>"; };
		BB10DD641C59DFFC0079C480 /* UILabel+DrawAnimation.m */ = {isa = PBXFileReference; fileEncoding = 4; lastKnownFileType = sourcecode.c.objc; path = "UILabel+DrawAnimation.m"; sourceTree = "<group>"; };
		BB10DD951C59E5FD0079C480 /* SplashViewController.swift */ = {isa = PBXFileReference; fileEncoding = 4; lastKnownFileType = sourcecode.swift; path = SplashViewController.swift; sourceTree = "<group>"; };
		BB34038A1C61E9D0004F53DF /* HomeViewController.swift */ = {isa = PBXFileReference; fileEncoding = 4; lastKnownFileType = sourcecode.swift; path = HomeViewController.swift; sourceTree = "<group>"; };
		BBBBFAB61C97208400770E00 /* ExpandingTableViewController.swift */ = {isa = PBXFileReference; fileEncoding = 4; lastKnownFileType = sourcecode.swift; path = ExpandingTableViewController.swift; sourceTree = "<group>"; };
		BBBBFAB81C97209300770E00 /* ExpandingTableViewCell.swift */ = {isa = PBXFileReference; fileEncoding = 4; lastKnownFileType = sourcecode.swift; path = ExpandingTableViewCell.swift; sourceTree = "<group>"; };
		BBE54C391C9D321400EA9E7A /* ExpandingCell.swift */ = {isa = PBXFileReference; fileEncoding = 4; lastKnownFileType = sourcecode.swift; path = ExpandingCell.swift; sourceTree = "<group>"; };
		BBE54C3B1C9D38C000EA9E7A /* MyAppsTableViewController.swift */ = {isa = PBXFileReference; fileEncoding = 4; lastKnownFileType = sourcecode.swift; path = MyAppsTableViewController.swift; sourceTree = "<group>"; };
		BBE54C3D1C9D5A1F00EA9E7A /* Panton-Black.otf */ = {isa = PBXFileReference; lastKnownFileType = file; name = "Panton-Black.otf"; path = "Panton Font/Panton-Black.otf"; sourceTree = "<group>"; };
		BBE54C3E1C9D5A1F00EA9E7A /* Panton-Bold.otf */ = {isa = PBXFileReference; lastKnownFileType = file; name = "Panton-Bold.otf"; path = "Panton Font/Panton-Bold.otf"; sourceTree = "<group>"; };
		BBE54C3F1C9D5A1F00EA9E7A /* Panton-ExtraBold.otf */ = {isa = PBXFileReference; lastKnownFileType = file; name = "Panton-ExtraBold.otf"; path = "Panton Font/Panton-ExtraBold.otf"; sourceTree = "<group>"; };
		BBE54C401C9D5A1F00EA9E7A /* Panton-ExtraLight.otf */ = {isa = PBXFileReference; lastKnownFileType = file; name = "Panton-ExtraLight.otf"; path = "Panton Font/Panton-ExtraLight.otf"; sourceTree = "<group>"; };
		BBE54C411C9D5A1F00EA9E7A /* Panton-Heavy.otf */ = {isa = PBXFileReference; lastKnownFileType = file; name = "Panton-Heavy.otf"; path = "Panton Font/Panton-Heavy.otf"; sourceTree = "<group>"; };
		BBE54C421C9D5A1F00EA9E7A /* Panton-Light.otf */ = {isa = PBXFileReference; lastKnownFileType = file; name = "Panton-Light.otf"; path = "Panton Font/Panton-Light.otf"; sourceTree = "<group>"; };
		BBE54C431C9D5A1F00EA9E7A /* Panton-Regular.otf */ = {isa = PBXFileReference; lastKnownFileType = file; name = "Panton-Regular.otf"; path = "Panton Font/Panton-Regular.otf"; sourceTree = "<group>"; };
		BBE54C441C9D5A1F00EA9E7A /* Panton-SemiBold.otf */ = {isa = PBXFileReference; lastKnownFileType = file; name = "Panton-SemiBold.otf"; path = "Panton Font/Panton-SemiBold.otf"; sourceTree = "<group>"; };
		BBE54C451C9D5A1F00EA9E7A /* Panton-Thin.otf */ = {isa = PBXFileReference; lastKnownFileType = file; name = "Panton-Thin.otf"; path = "Panton Font/Panton-Thin.otf"; sourceTree = "<group>"; };
		BBE54C461C9D5A4400EA9E7A /* SummitBold-Display.otf */ = {isa = PBXFileReference; lastKnownFileType = file; name = "SummitBold-Display.otf"; path = "Summit Font/SummitBold-Display.otf"; sourceTree = "<group>"; };
		BBE54C471C9D5A4400EA9E7A /* SummitBold-Inline.otf */ = {isa = PBXFileReference; lastKnownFileType = file; name = "SummitBold-Inline.otf"; path = "Summit Font/SummitBold-Inline.otf"; sourceTree = "<group>"; };
		BBE54C481C9D5A4400EA9E7A /* SummitBold-InlineOne.otf */ = {isa = PBXFileReference; lastKnownFileType = file; name = "SummitBold-InlineOne.otf"; path = "Summit Font/SummitBold-InlineOne.otf"; sourceTree = "<group>"; };
		BBE54C491C9D5A4400EA9E7A /* SummitBold-InlineThree.otf */ = {isa = PBXFileReference; lastKnownFileType = file; name = "SummitBold-InlineThree.otf"; path = "Summit Font/SummitBold-InlineThree.otf"; sourceTree = "<group>"; };
		BBE54C4A1C9D5A4400EA9E7A /* SummitBold-InlineTwo.otf */ = {isa = PBXFileReference; lastKnownFileType = file; name = "SummitBold-InlineTwo.otf"; path = "Summit Font/SummitBold-InlineTwo.otf"; sourceTree = "<group>"; };
		BBE54C4B1C9D5A4400EA9E7A /* SummitBold-Shadow.otf */ = {isa = PBXFileReference; lastKnownFileType = file; name = "SummitBold-Shadow.otf"; path = "Summit Font/SummitBold-Shadow.otf"; sourceTree = "<group>"; };
		BBE54C4C1C9D5A4400EA9E7A /* SummitBold-Solid.otf */ = {isa = PBXFileReference; lastKnownFileType = file; name = "SummitBold-Solid.otf"; path = "Summit Font/SummitBold-Solid.otf"; sourceTree = "<group>"; };
		BBE54C4D1C9D5A4400EA9E7A /* SummitBold-SolidOne.otf */ = {isa = PBXFileReference; lastKnownFileType = file; name = "SummitBold-SolidOne.otf"; path = "Summit Font/SummitBold-SolidOne.otf"; sourceTree = "<group>"; };
		BBE54C4E1C9D5A4400EA9E7A /* SummitBold-SolidThree.otf */ = {isa = PBXFileReference; lastKnownFileType = file; name = "SummitBold-SolidThree.otf"; path = "Summit Font/SummitBold-SolidThree.otf"; sourceTree = "<group>"; };
		BBE54C4F1C9D5A4400EA9E7A /* SummitBold-SolidTwo.otf */ = {isa = PBXFileReference; lastKnownFileType = file; name = "SummitBold-SolidTwo.otf"; path = "Summit Font/SummitBold-SolidTwo.otf"; sourceTree = "<group>"; };
		BBE54C501C9D5A4400EA9E7A /* SummitLight-Display.otf */ = {isa = PBXFileReference; lastKnownFileType = file; name = "SummitLight-Display.otf"; path = "Summit Font/SummitLight-Display.otf"; sourceTree = "<group>"; };
		BBE54C511C9D5A4400EA9E7A /* SummitLight-Inline.otf */ = {isa = PBXFileReference; lastKnownFileType = file; name = "SummitLight-Inline.otf"; path = "Summit Font/SummitLight-Inline.otf"; sourceTree = "<group>"; };
		BBE54C521C9D5A4400EA9E7A /* SummitLight-InlineOne.otf */ = {isa = PBXFileReference; lastKnownFileType = file; name = "SummitLight-InlineOne.otf"; path = "Summit Font/SummitLight-InlineOne.otf"; sourceTree = "<group>"; };
		BBE54C531C9D5A4400EA9E7A /* SummitLight-InlineThree.otf */ = {isa = PBXFileReference; lastKnownFileType = file; name = "SummitLight-InlineThree.otf"; path = "Summit Font/SummitLight-InlineThree.otf"; sourceTree = "<group>"; };
		BBE54C541C9D5A4400EA9E7A /* SummitLight-InlineTwo.otf */ = {isa = PBXFileReference; lastKnownFileType = file; name = "SummitLight-InlineTwo.otf"; path = "Summit Font/SummitLight-InlineTwo.otf"; sourceTree = "<group>"; };
		BBE54C551C9D5A4400EA9E7A /* SummitLight-Shadow.otf */ = {isa = PBXFileReference; lastKnownFileType = file; name = "SummitLight-Shadow.otf"; path = "Summit Font/SummitLight-Shadow.otf"; sourceTree = "<group>"; };
		BBE54C561C9D5A4400EA9E7A /* SummitLight-Solid.otf */ = {isa = PBXFileReference; lastKnownFileType = file; name = "SummitLight-Solid.otf"; path = "Summit Font/SummitLight-Solid.otf"; sourceTree = "<group>"; };
		BBE54C571C9D5A4400EA9E7A /* SummitLight-SolidOne.otf */ = {isa = PBXFileReference; lastKnownFileType = file; name = "SummitLight-SolidOne.otf"; path = "Summit Font/SummitLight-SolidOne.otf"; sourceTree = "<group>"; };
		BBE54C581C9D5A4400EA9E7A /* SummitLight-SolidThree.otf */ = {isa = PBXFileReference; lastKnownFileType = file; name = "SummitLight-SolidThree.otf"; path = "Summit Font/SummitLight-SolidThree.otf"; sourceTree = "<group>"; };
		BBE54C591C9D5A4400EA9E7A /* SummitLight-SolidTwo.otf */ = {isa = PBXFileReference; lastKnownFileType = file; name = "SummitLight-SolidTwo.otf"; path = "Summit Font/SummitLight-SolidTwo.otf"; sourceTree = "<group>"; };
		BBE54C5A1C9D5A4400EA9E7A /* SummitMedium_InlineThree.otf */ = {isa = PBXFileReference; lastKnownFileType = file; name = SummitMedium_InlineThree.otf; path = "Summit Font/SummitMedium_InlineThree.otf"; sourceTree = "<group>"; };
		BBE54C5B1C9D5A4400EA9E7A /* SummitMedium-Display.otf */ = {isa = PBXFileReference; lastKnownFileType = file; name = "SummitMedium-Display.otf"; path = "Summit Font/SummitMedium-Display.otf"; sourceTree = "<group>"; };
		BBE54C5C1C9D5A4400EA9E7A /* SummitMedium-Inline.otf */ = {isa = PBXFileReference; lastKnownFileType = file; name = "SummitMedium-Inline.otf"; path = "Summit Font/SummitMedium-Inline.otf"; sourceTree = "<group>"; };
		BBE54C5D1C9D5A4400EA9E7A /* SummitMedium-InlineOne.otf */ = {isa = PBXFileReference; lastKnownFileType = file; name = "SummitMedium-InlineOne.otf"; path = "Summit Font/SummitMedium-InlineOne.otf"; sourceTree = "<group>"; };
		BBE54C5E1C9D5A4400EA9E7A /* SummitMedium-InlineTwo.otf */ = {isa = PBXFileReference; lastKnownFileType = file; name = "SummitMedium-InlineTwo.otf"; path = "Summit Font/SummitMedium-InlineTwo.otf"; sourceTree = "<group>"; };
		BBE54C5F1C9D5A4400EA9E7A /* SummitMedium-Shadow.otf */ = {isa = PBXFileReference; lastKnownFileType = file; name = "SummitMedium-Shadow.otf"; path = "Summit Font/SummitMedium-Shadow.otf"; sourceTree = "<group>"; };
		BBE54C601C9D5A4400EA9E7A /* SummitMedium-Solid.otf */ = {isa = PBXFileReference; lastKnownFileType = file; name = "SummitMedium-Solid.otf"; path = "Summit Font/SummitMedium-Solid.otf"; sourceTree = "<group>"; };
		BBE54C611C9D5A4400EA9E7A /* SummitMedium-SolidOne.otf */ = {isa = PBXFileReference; lastKnownFileType = file; name = "SummitMedium-SolidOne.otf"; path = "Summit Font/SummitMedium-SolidOne.otf"; sourceTree = "<group>"; };
		BBE54C621C9D5A4400EA9E7A /* SummitMedium-SolidThree.otf */ = {isa = PBXFileReference; lastKnownFileType = file; name = "SummitMedium-SolidThree.otf"; path = "Summit Font/SummitMedium-SolidThree.otf"; sourceTree = "<group>"; };
		BBE54C631C9D5A4400EA9E7A /* SummitMedium-SolidTwo.otf */ = {isa = PBXFileReference; lastKnownFileType = file; name = "SummitMedium-SolidTwo.otf"; path = "Summit Font/SummitMedium-SolidTwo.otf"; sourceTree = "<group>"; };
		BBE54C641C9D5A4400EA9E7A /* SummitRegular-Display.otf */ = {isa = PBXFileReference; lastKnownFileType = file; name = "SummitRegular-Display.otf"; path = "Summit Font/SummitRegular-Display.otf"; sourceTree = "<group>"; };
		BBE54C651C9D5A4400EA9E7A /* SummitRegular-Inline.otf */ = {isa = PBXFileReference; lastKnownFileType = file; name = "SummitRegular-Inline.otf"; path = "Summit Font/SummitRegular-Inline.otf"; sourceTree = "<group>"; };
		BBE54C661C9D5A4400EA9E7A /* SummitRegular-InlineOne.otf */ = {isa = PBXFileReference; lastKnownFileType = file; name = "SummitRegular-InlineOne.otf"; path = "Summit Font/SummitRegular-InlineOne.otf"; sourceTree = "<group>"; };
		BBE54C671C9D5A4400EA9E7A /* SummitRegular-InlineThree.otf */ = {isa = PBXFileReference; lastKnownFileType = file; name = "SummitRegular-InlineThree.otf"; path = "Summit Font/SummitRegular-InlineThree.otf"; sourceTree = "<group>"; };
		BBE54C681C9D5A4400EA9E7A /* SummitRegular-InlineTwo.otf */ = {isa = PBXFileReference; lastKnownFileType = file; name = "SummitRegular-InlineTwo.otf"; path = "Summit Font/SummitRegular-InlineTwo.otf"; sourceTree = "<group>"; };
		BBE54C691C9D5A4400EA9E7A /* SummitRegular-Shadow.otf */ = {isa = PBXFileReference; lastKnownFileType = file; name = "SummitRegular-Shadow.otf"; path = "Summit Font/SummitRegular-Shadow.otf"; sourceTree = "<group>"; };
		BBE54C6A1C9D5A4400EA9E7A /* SummitRegular-Solid.otf */ = {isa = PBXFileReference; lastKnownFileType = file; name = "SummitRegular-Solid.otf"; path = "Summit Font/SummitRegular-Solid.otf"; sourceTree = "<group>"; };
		BBE54C6B1C9D5A4400EA9E7A /* SummitRegular-SolidOne.otf */ = {isa = PBXFileReference; lastKnownFileType = file; name = "SummitRegular-SolidOne.otf"; path = "Summit Font/SummitRegular-SolidOne.otf"; sourceTree = "<group>"; };
		BBE54C6C1C9D5A4400EA9E7A /* SummitRegular-SolidThree.otf */ = {isa = PBXFileReference; lastKnownFileType = file; name = "SummitRegular-SolidThree.otf"; path = "Summit Font/SummitRegular-SolidThree.otf"; sourceTree = "<group>"; };
		BBE54C6D1C9D5A4400EA9E7A /* SummitRegular-SolidTwo.otf */ = {isa = PBXFileReference; lastKnownFileType = file; name = "SummitRegular-SolidTwo.otf"; path = "Summit Font/SummitRegular-SolidTwo.otf"; sourceTree = "<group>"; };
		BBE54C6E1C9D5A4400EA9E7A /* SummitThin-Display.otf */ = {isa = PBXFileReference; lastKnownFileType = file; name = "SummitThin-Display.otf"; path = "Summit Font/SummitThin-Display.otf"; sourceTree = "<group>"; };
		BBE54C6F1C9D5A4400EA9E7A /* SummitThin-Inline.otf */ = {isa = PBXFileReference; lastKnownFileType = file; name = "SummitThin-Inline.otf"; path = "Summit Font/SummitThin-Inline.otf"; sourceTree = "<group>"; };
		BBE54C701C9D5A4400EA9E7A /* SummitThin-InlineOne.otf */ = {isa = PBXFileReference; lastKnownFileType = file; name = "SummitThin-InlineOne.otf"; path = "Summit Font/SummitThin-InlineOne.otf"; sourceTree = "<group>"; };
		BBE54C711C9D5A4400EA9E7A /* SummitThin-InlineThree.otf */ = {isa = PBXFileReference; lastKnownFileType = file; name = "SummitThin-InlineThree.otf"; path = "Summit Font/SummitThin-InlineThree.otf"; sourceTree = "<group>"; };
		BBE54C721C9D5A4400EA9E7A /* SummitThin-InlineTwo.otf */ = {isa = PBXFileReference; lastKnownFileType = file; name = "SummitThin-InlineTwo.otf"; path = "Summit Font/SummitThin-InlineTwo.otf"; sourceTree = "<group>"; };
		BBE54C731C9D5A4400EA9E7A /* SummitThin-Shadow.otf */ = {isa = PBXFileReference; lastKnownFileType = file; name = "SummitThin-Shadow.otf"; path = "Summit Font/SummitThin-Shadow.otf"; sourceTree = "<group>"; };
		BBE54C741C9D5A4400EA9E7A /* SummitThin-Solid.otf */ = {isa = PBXFileReference; lastKnownFileType = file; name = "SummitThin-Solid.otf"; path = "Summit Font/SummitThin-Solid.otf"; sourceTree = "<group>"; };
		BBE54C751C9D5A4400EA9E7A /* SummitThin-SolidOne.otf */ = {isa = PBXFileReference; lastKnownFileType = file; name = "SummitThin-SolidOne.otf"; path = "Summit Font/SummitThin-SolidOne.otf"; sourceTree = "<group>"; };
		BBE54C761C9D5A4400EA9E7A /* SummitThin-SolidThree.otf */ = {isa = PBXFileReference; lastKnownFileType = file; name = "SummitThin-SolidThree.otf"; path = "Summit Font/SummitThin-SolidThree.otf"; sourceTree = "<group>"; };
		BBE54C771C9D5A4400EA9E7A /* SummitThin-SolidTwo.otf */ = {isa = PBXFileReference; lastKnownFileType = file; name = "SummitThin-SolidTwo.otf"; path = "Summit Font/SummitThin-SolidTwo.otf"; sourceTree = "<group>"; };
		BBE54C781C9D5A6600EA9E7A /* ADAM.CG PRO.otf */ = {isa = PBXFileReference; lastKnownFileType = file; path = "ADAM.CG PRO.otf"; sourceTree = "<group>"; };
		BBFFC4501C88AF2800A8B5C5 /* MyStoryViewController.swift */ = {isa = PBXFileReference; fileEncoding = 4; lastKnownFileType = sourcecode.swift; path = MyStoryViewController.swift; sourceTree = "<group>"; };
		BBFFC4521C88AF3100A8B5C5 /* MyAppsViewController.swift */ = {isa = PBXFileReference; fileEncoding = 4; lastKnownFileType = sourcecode.swift; path = MyAppsViewController.swift; sourceTree = "<group>"; };
		BBFFC4541C88AF7E00A8B5C5 /* MyInfoViewController.swift */ = {isa = PBXFileReference; fileEncoding = 4; lastKnownFileType = sourcecode.swift; path = MyInfoViewController.swift; sourceTree = "<group>"; };
		BDD472C5AB65D9D3A8B2AD0D /* Pods.release.xcconfig */ = {isa = PBXFileReference; includeInIndex = 1; lastKnownFileType = text.xcconfig; name = Pods.release.xcconfig; path = "Pods/Target Support Files/Pods/Pods.release.xcconfig"; sourceTree = "<group>"; };
/* End PBXFileReference section */

/* Begin PBXFrameworksBuildPhase section */
		BB10DD2B1C59DF940079C480 /* Frameworks */ = {
			isa = PBXFrameworksBuildPhase;
			buildActionMask = 2147483647;
			files = (
				FD28E1FA33D009710E4BE6F8 /* Pods.framework in Frameworks */,
			);
			runOnlyForDeploymentPostprocessing = 0;
		};
		BB10DD3F1C59DF940079C480 /* Frameworks */ = {
			isa = PBXFrameworksBuildPhase;
			buildActionMask = 2147483647;
			files = (
			);
			runOnlyForDeploymentPostprocessing = 0;
		};
		BB10DD4A1C59DF940079C480 /* Frameworks */ = {
			isa = PBXFrameworksBuildPhase;
			buildActionMask = 2147483647;
			files = (
			);
			runOnlyForDeploymentPostprocessing = 0;
		};
/* End PBXFrameworksBuildPhase section */

/* Begin PBXGroup section */
		189F8D80997FDECC53280483 /* Frameworks */ = {
			isa = PBXGroup;
			children = (
				85EB57D2745956D1EC5A9497 /* Pods.framework */,
			);
			name = Frameworks;
			sourceTree = "<group>";
		};
		B5E0BD0B412707B32C9E1144 /* Pods */ = {
			isa = PBXGroup;
			children = (
				5AF141CD9D659FD64A7BC9D9 /* Pods.debug.xcconfig */,
				BDD472C5AB65D9D3A8B2AD0D /* Pods.release.xcconfig */,
			);
			name = Pods;
			sourceTree = "<group>";
		};
		BB10DD251C59DF940079C480 = {
			isa = PBXGroup;
			children = (
				BB10DD301C59DF940079C480 /* Avery Lamp */,
				BB10DD451C59DF940079C480 /* Avery LampTests */,
				BB10DD501C59DF940079C480 /* Avery LampUITests */,
				BB10DD2F1C59DF940079C480 /* Products */,
				B5E0BD0B412707B32C9E1144 /* Pods */,
				189F8D80997FDECC53280483 /* Frameworks */,
			);
			sourceTree = "<group>";
		};
		BB10DD2F1C59DF940079C480 /* Products */ = {
			isa = PBXGroup;
			children = (
				BB10DD2E1C59DF940079C480 /* Avery Lamp.app */,
				BB10DD421C59DF940079C480 /* Avery LampTests.xctest */,
				BB10DD4D1C59DF940079C480 /* Avery LampUITests.xctest */,
			);
			name = Products;
			sourceTree = "<group>";
		};
		BB10DD301C59DF940079C480 /* Avery Lamp */ = {
			isa = PBXGroup;
			children = (
				BB10DD311C59DF940079C480 /* AppDelegate.swift */,
				BB10DD331C59DF940079C480 /* ViewController.swift */,
				BB10DD951C59E5FD0079C480 /* SplashViewController.swift */,
				BB10DD351C59DF940079C480 /* Main.storyboard */,
				BB34038A1C61E9D0004F53DF /* HomeViewController.swift */,
				BBFFC4501C88AF2800A8B5C5 /* MyStoryViewController.swift */,
				BBBBFAB51C97206900770E00 /* My Apps */,
				BBFFC4541C88AF7E00A8B5C5 /* MyInfoViewController.swift */,
				BB10DD991C59EB760079C480 /* Fancy Graphic Helpers */,
				BB10DD661C59E0000079C480 /* Fancy Text Drawing */,
				BB10DD381C59DF940079C480 /* Assets.xcassets */,
				BB10DD3A1C59DF940079C480 /* LaunchScreen.storyboard */,
				BB10DD3D1C59DF940079C480 /* Info.plist */,
				BB10DD5F1C59DFDB0079C480 /* Avery Lamp-Bridging-Header.h */,
			);
			path = "Avery Lamp";
			sourceTree = "<group>";
		};
		BB10DD451C59DF940079C480 /* Avery LampTests */ = {
			isa = PBXGroup;
			children = (
				BB10DD461C59DF940079C480 /* Avery_LampTests.swift */,
				BB10DD481C59DF940079C480 /* Info.plist */,
			);
			path = "Avery LampTests";
			sourceTree = "<group>";
		};
		BB10DD501C59DF940079C480 /* Avery LampUITests */ = {
			isa = PBXGroup;
			children = (
				BB10DD511C59DF940079C480 /* Avery_LampUITests.swift */,
				BB10DD531C59DF940079C480 /* Info.plist */,
			);
			path = "Avery LampUITests";
			sourceTree = "<group>";
		};
		BB10DD661C59E0000079C480 /* Fancy Text Drawing */ = {
			isa = PBXGroup;
			children = (
				BBE54C781C9D5A6600EA9E7A /* ADAM.CG PRO.otf */,
				BB10DD701C59E3450079C480 /* Panton Font */,
				BB3403891C61E957004F53DF /* Summit Font */,
				BB10DD601C59DFDC0079C480 /* CALayer+DrawAnimation.h */,
				BB10DD611C59DFDC0079C480 /* CALayer+DrawAnimation.m */,
				BB10DD631C59DFFC0079C480 /* UILabel+DrawAnimation.h */,
				BB10DD641C59DFFC0079C480 /* UILabel+DrawAnimation.m */,
			);
			name = "Fancy Text Drawing";
			sourceTree = "<group>";
		};
		BB10DD701C59E3450079C480 /* Panton Font */ = {
			isa = PBXGroup;
			children = (
				BBE54C3D1C9D5A1F00EA9E7A /* Panton-Black.otf */,
				BBE54C3E1C9D5A1F00EA9E7A /* Panton-Bold.otf */,
				BBE54C3F1C9D5A1F00EA9E7A /* Panton-ExtraBold.otf */,
				BBE54C401C9D5A1F00EA9E7A /* Panton-ExtraLight.otf */,
				BBE54C411C9D5A1F00EA9E7A /* Panton-Heavy.otf */,
				BBE54C421C9D5A1F00EA9E7A /* Panton-Light.otf */,
				BBE54C431C9D5A1F00EA9E7A /* Panton-Regular.otf */,
				BBE54C441C9D5A1F00EA9E7A /* Panton-SemiBold.otf */,
				BBE54C451C9D5A1F00EA9E7A /* Panton-Thin.otf */,
			);
			name = "Panton Font";
			sourceTree = "<group>";
		};
		BB10DD991C59EB760079C480 /* Fancy Graphic Helpers */ = {
			isa = PBXGroup;
			children = (
			);
			name = "Fancy Graphic Helpers";
			sourceTree = "<group>";
		};
		BB3403891C61E957004F53DF /* Summit Font */ = {
			isa = PBXGroup;
			children = (
				BBE54C461C9D5A4400EA9E7A /* SummitBold-Display.otf */,
				BBE54C471C9D5A4400EA9E7A /* SummitBold-Inline.otf */,
				BBE54C481C9D5A4400EA9E7A /* SummitBold-InlineOne.otf */,
				BBE54C491C9D5A4400EA9E7A /* SummitBold-InlineThree.otf */,
				BBE54C4A1C9D5A4400EA9E7A /* SummitBold-InlineTwo.otf */,
				BBE54C4B1C9D5A4400EA9E7A /* SummitBold-Shadow.otf */,
				BBE54C4C1C9D5A4400EA9E7A /* SummitBold-Solid.otf */,
				BBE54C4D1C9D5A4400EA9E7A /* SummitBold-SolidOne.otf */,
				BBE54C4E1C9D5A4400EA9E7A /* SummitBold-SolidThree.otf */,
				BBE54C4F1C9D5A4400EA9E7A /* SummitBold-SolidTwo.otf */,
				BBE54C501C9D5A4400EA9E7A /* SummitLight-Display.otf */,
				BBE54C511C9D5A4400EA9E7A /* SummitLight-Inline.otf */,
				BBE54C521C9D5A4400EA9E7A /* SummitLight-InlineOne.otf */,
				BBE54C531C9D5A4400EA9E7A /* SummitLight-InlineThree.otf */,
				BBE54C541C9D5A4400EA9E7A /* SummitLight-InlineTwo.otf */,
				BBE54C551C9D5A4400EA9E7A /* SummitLight-Shadow.otf */,
				BBE54C561C9D5A4400EA9E7A /* SummitLight-Solid.otf */,
				BBE54C571C9D5A4400EA9E7A /* SummitLight-SolidOne.otf */,
				BBE54C581C9D5A4400EA9E7A /* SummitLight-SolidThree.otf */,
				BBE54C591C9D5A4400EA9E7A /* SummitLight-SolidTwo.otf */,
				BBE54C5A1C9D5A4400EA9E7A /* SummitMedium_InlineThree.otf */,
				BBE54C5B1C9D5A4400EA9E7A /* SummitMedium-Display.otf */,
				BBE54C5C1C9D5A4400EA9E7A /* SummitMedium-Inline.otf */,
				BBE54C5D1C9D5A4400EA9E7A /* SummitMedium-InlineOne.otf */,
				BBE54C5E1C9D5A4400EA9E7A /* SummitMedium-InlineTwo.otf */,
				BBE54C5F1C9D5A4400EA9E7A /* SummitMedium-Shadow.otf */,
				BBE54C601C9D5A4400EA9E7A /* SummitMedium-Solid.otf */,
				BBE54C611C9D5A4400EA9E7A /* SummitMedium-SolidOne.otf */,
				BBE54C621C9D5A4400EA9E7A /* SummitMedium-SolidThree.otf */,
				BBE54C631C9D5A4400EA9E7A /* SummitMedium-SolidTwo.otf */,
				BBE54C641C9D5A4400EA9E7A /* SummitRegular-Display.otf */,
				BBE54C651C9D5A4400EA9E7A /* SummitRegular-Inline.otf */,
				BBE54C661C9D5A4400EA9E7A /* SummitRegular-InlineOne.otf */,
				BBE54C671C9D5A4400EA9E7A /* SummitRegular-InlineThree.otf */,
				BBE54C681C9D5A4400EA9E7A /* SummitRegular-InlineTwo.otf */,
				BBE54C691C9D5A4400EA9E7A /* SummitRegular-Shadow.otf */,
				BBE54C6A1C9D5A4400EA9E7A /* SummitRegular-Solid.otf */,
				BBE54C6B1C9D5A4400EA9E7A /* SummitRegular-SolidOne.otf */,
				BBE54C6C1C9D5A4400EA9E7A /* SummitRegular-SolidThree.otf */,
				BBE54C6D1C9D5A4400EA9E7A /* SummitRegular-SolidTwo.otf */,
				BBE54C6E1C9D5A4400EA9E7A /* SummitThin-Display.otf */,
				BBE54C6F1C9D5A4400EA9E7A /* SummitThin-Inline.otf */,
				BBE54C701C9D5A4400EA9E7A /* SummitThin-InlineOne.otf */,
				BBE54C711C9D5A4400EA9E7A /* SummitThin-InlineThree.otf */,
				BBE54C721C9D5A4400EA9E7A /* SummitThin-InlineTwo.otf */,
				BBE54C731C9D5A4400EA9E7A /* SummitThin-Shadow.otf */,
				BBE54C741C9D5A4400EA9E7A /* SummitThin-Solid.otf */,
				BBE54C751C9D5A4400EA9E7A /* SummitThin-SolidOne.otf */,
				BBE54C761C9D5A4400EA9E7A /* SummitThin-SolidThree.otf */,
				BBE54C771C9D5A4400EA9E7A /* SummitThin-SolidTwo.otf */,
			);
			name = "Summit Font";
			sourceTree = "<group>";
		};
		BBBBFAB51C97206900770E00 /* My Apps */ = {
			isa = PBXGroup;
			children = (
				BBE54C3B1C9D38C000EA9E7A /* MyAppsTableViewController.swift */,
				BBE54C391C9D321400EA9E7A /* ExpandingCell.swift */,
				BBFFC4521C88AF3100A8B5C5 /* MyAppsViewController.swift */,
				BBBBFAB61C97208400770E00 /* ExpandingTableViewController.swift */,
				BBBBFAB81C97209300770E00 /* ExpandingTableViewCell.swift */,
			);
			name = "My Apps";
			sourceTree = "<group>";
		};
/* End PBXGroup section */

/* Begin PBXNativeTarget section */
		BB10DD2D1C59DF940079C480 /* Avery Lamp */ = {
			isa = PBXNativeTarget;
			buildConfigurationList = BB10DD561C59DF940079C480 /* Build configuration list for PBXNativeTarget "Avery Lamp" */;
			buildPhases = (
				A3CDA42725D77DE7450855FB /* Check Pods Manifest.lock */,
				BB10DD2A1C59DF940079C480 /* Sources */,
				BB10DD2B1C59DF940079C480 /* Frameworks */,
				BB10DD2C1C59DF940079C480 /* Resources */,
				D10BAC99769EC4AE8AE3EBA1 /* Embed Pods Frameworks */,
				F020150E59D5307269793F9C /* Copy Pods Resources */,
				BBEE427B1C5C90660000AABF /* ShellScript */,
			);
			buildRules = (
			);
			dependencies = (
			);
			name = "Avery Lamp";
			productName = "Avery Lamp";
			productReference = BB10DD2E1C59DF940079C480 /* Avery Lamp.app */;
			productType = "com.apple.product-type.application";
		};
		BB10DD411C59DF940079C480 /* Avery LampTests */ = {
			isa = PBXNativeTarget;
			buildConfigurationList = BB10DD591C59DF940079C480 /* Build configuration list for PBXNativeTarget "Avery LampTests" */;
			buildPhases = (
				BB10DD3E1C59DF940079C480 /* Sources */,
				BB10DD3F1C59DF940079C480 /* Frameworks */,
				BB10DD401C59DF940079C480 /* Resources */,
			);
			buildRules = (
			);
			dependencies = (
				BB10DD441C59DF940079C480 /* PBXTargetDependency */,
			);
			name = "Avery LampTests";
			productName = "Avery LampTests";
			productReference = BB10DD421C59DF940079C480 /* Avery LampTests.xctest */;
			productType = "com.apple.product-type.bundle.unit-test";
		};
		BB10DD4C1C59DF940079C480 /* Avery LampUITests */ = {
			isa = PBXNativeTarget;
			buildConfigurationList = BB10DD5C1C59DF940079C480 /* Build configuration list for PBXNativeTarget "Avery LampUITests" */;
			buildPhases = (
				BB10DD491C59DF940079C480 /* Sources */,
				BB10DD4A1C59DF940079C480 /* Frameworks */,
				BB10DD4B1C59DF940079C480 /* Resources */,
			);
			buildRules = (
			);
			dependencies = (
				BB10DD4F1C59DF940079C480 /* PBXTargetDependency */,
			);
			name = "Avery LampUITests";
			productName = "Avery LampUITests";
			productReference = BB10DD4D1C59DF940079C480 /* Avery LampUITests.xctest */;
			productType = "com.apple.product-type.bundle.ui-testing";
		};
/* End PBXNativeTarget section */

/* Begin PBXProject section */
		BB10DD261C59DF940079C480 /* Project object */ = {
			isa = PBXProject;
			attributes = {
				LastSwiftUpdateCheck = 0720;
				LastUpgradeCheck = 0720;
				ORGANIZATIONNAME = "Avery Lamp";
				TargetAttributes = {
					BB10DD2D1C59DF940079C480 = {
						CreatedOnToolsVersion = 7.2;
						DevelopmentTeam = 9XWYL3K4YT;
					};
					BB10DD411C59DF940079C480 = {
						CreatedOnToolsVersion = 7.2;
						TestTargetID = BB10DD2D1C59DF940079C480;
					};
					BB10DD4C1C59DF940079C480 = {
						CreatedOnToolsVersion = 7.2;
						TestTargetID = BB10DD2D1C59DF940079C480;
					};
				};
			};
			buildConfigurationList = BB10DD291C59DF940079C480 /* Build configuration list for PBXProject "Avery Lamp" */;
			compatibilityVersion = "Xcode 3.2";
			developmentRegion = English;
			hasScannedForEncodings = 0;
			knownRegions = (
				en,
				Base,
			);
			mainGroup = BB10DD251C59DF940079C480;
			productRefGroup = BB10DD2F1C59DF940079C480 /* Products */;
			projectDirPath = "";
			projectRoot = "";
			targets = (
				BB10DD2D1C59DF940079C480 /* Avery Lamp */,
				BB10DD411C59DF940079C480 /* Avery LampTests */,
				BB10DD4C1C59DF940079C480 /* Avery LampUITests */,
			);
		};
/* End PBXProject section */

/* Begin PBXResourcesBuildPhase section */
		BB10DD2C1C59DF940079C480 /* Resources */ = {
			isa = PBXResourcesBuildPhase;
			buildActionMask = 2147483647;
			files = (
				BBE54C7B1C9D5B0D00EA9E7A /* Panton-Bold.otf in Resources */,
				BB10DD3C1C59DF940079C480 /* LaunchScreen.storyboard in Resources */,
				BBE54C7E1C9D5B0D00EA9E7A /* Panton-Heavy.otf in Resources */,
				BB10DD391C59DF940079C480 /* Assets.xcassets in Resources */,
				BBE54C7A1C9D5B0D00EA9E7A /* Panton-Black.otf in Resources */,
				BBE54C7C1C9D5B0D00EA9E7A /* Panton-ExtraBold.otf in Resources */,
				BBE54C811C9D5B0D00EA9E7A /* Panton-SemiBold.otf in Resources */,
				BBE54C7D1C9D5B0D00EA9E7A /* Panton-ExtraLight.otf in Resources */,
				BBE54C791C9D5AF600EA9E7A /* ADAM.CG PRO.otf in Resources */,
				BBE54C7F1C9D5B0D00EA9E7A /* Panton-Light.otf in Resources */,
				BBE54C821C9D5B0D00EA9E7A /* Panton-Thin.otf in Resources */,
				BBE54C801C9D5B0D00EA9E7A /* Panton-Regular.otf in Resources */,
				BB10DD371C59DF940079C480 /* Main.storyboard in Resources */,
			);
			runOnlyForDeploymentPostprocessing = 0;
		};
		BB10DD401C59DF940079C480 /* Resources */ = {
			isa = PBXResourcesBuildPhase;
			buildActionMask = 2147483647;
			files = (
			);
			runOnlyForDeploymentPostprocessing = 0;
		};
		BB10DD4B1C59DF940079C480 /* Resources */ = {
			isa = PBXResourcesBuildPhase;
			buildActionMask = 2147483647;
			files = (
			);
			runOnlyForDeploymentPostprocessing = 0;
		};
/* End PBXResourcesBuildPhase section */

/* Begin PBXShellScriptBuildPhase section */
		A3CDA42725D77DE7450855FB /* Check Pods Manifest.lock */ = {
			isa = PBXShellScriptBuildPhase;
			buildActionMask = 2147483647;
			files = (
			);
			inputPaths = (
			);
			name = "Check Pods Manifest.lock";
			outputPaths = (
			);
			runOnlyForDeploymentPostprocessing = 0;
			shellPath = /bin/sh;
			shellScript = "diff \"${PODS_ROOT}/../Podfile.lock\" \"${PODS_ROOT}/Manifest.lock\" > /dev/null\nif [[ $? != 0 ]] ; then\n    cat << EOM\nerror: The sandbox is not in sync with the Podfile.lock. Run 'pod install' or update your CocoaPods installation.\nEOM\n    exit 1\nfi\n";
			showEnvVarsInLog = 0;
		};
		BBEE427B1C5C90660000AABF /* ShellScript */ = {
			isa = PBXShellScriptBuildPhase;
			buildActionMask = 2147483647;
			files = (
			);
			inputPaths = (
			);
			outputPaths = (
			);
			runOnlyForDeploymentPostprocessing = 0;
			shellPath = /bin/sh;
			shellScript = "\"${PODS_ROOT}/Fabric/run\" 2fdafbc6422df088bfe0d579573202dd3d2ba850 f2e4a890d3df54cc4223b537d93e2409e5d10558f167b8376eba9ab17948dab5";
		};
		D10BAC99769EC4AE8AE3EBA1 /* Embed Pods Frameworks */ = {
			isa = PBXShellScriptBuildPhase;
			buildActionMask = 2147483647;
			files = (
			);
			inputPaths = (
			);
			name = "Embed Pods Frameworks";
			outputPaths = (
			);
			runOnlyForDeploymentPostprocessing = 0;
			shellPath = /bin/sh;
			shellScript = "\"${SRCROOT}/Pods/Target Support Files/Pods/Pods-frameworks.sh\"\n";
			showEnvVarsInLog = 0;
		};
		F020150E59D5307269793F9C /* Copy Pods Resources */ = {
			isa = PBXShellScriptBuildPhase;
			buildActionMask = 2147483647;
			files = (
			);
			inputPaths = (
			);
			name = "Copy Pods Resources";
			outputPaths = (
			);
			runOnlyForDeploymentPostprocessing = 0;
			shellPath = /bin/sh;
			shellScript = "\"${SRCROOT}/Pods/Target Support Files/Pods/Pods-resources.sh\"\n";
			showEnvVarsInLog = 0;
		};
/* End PBXShellScriptBuildPhase section */

/* Begin PBXSourcesBuildPhase section */
		BB10DD2A1C59DF940079C480 /* Sources */ = {
			isa = PBXSourcesBuildPhase;
			buildActionMask = 2147483647;
			files = (
				BB10DD621C59DFDC0079C480 /* CALayer+DrawAnimation.m in Sources */,
				BBE54C3C1C9D38C000EA9E7A /* MyAppsTableViewController.swift in Sources */,
				BB10DD651C59DFFC0079C480 /* UILabel+DrawAnimation.m in Sources */,
				BB10DD341C59DF940079C480 /* ViewController.swift in Sources */,
				BBFFC4511C88AF2800A8B5C5 /* MyStoryViewController.swift in Sources */,
				BB10DD321C59DF940079C480 /* AppDelegate.swift in Sources */,
				BBFFC4531C88AF3100A8B5C5 /* MyAppsViewController.swift in Sources */,
				BBBBFAB71C97208400770E00 /* ExpandingTableViewController.swift in Sources */,
				BB10DD961C59E5FD0079C480 /* SplashViewController.swift in Sources */,
				BBE54C3A1C9D321400EA9E7A /* ExpandingCell.swift in Sources */,
				BBBBFAB91C97209300770E00 /* ExpandingTableViewCell.swift in Sources */,
				BBFFC4551C88AF7E00A8B5C5 /* MyInfoViewController.swift in Sources */,
				BB34038B1C61E9D0004F53DF /* HomeViewController.swift in Sources */,
			);
			runOnlyForDeploymentPostprocessing = 0;
		};
		BB10DD3E1C59DF940079C480 /* Sources */ = {
			isa = PBXSourcesBuildPhase;
			buildActionMask = 2147483647;
			files = (
				BB10DD471C59DF940079C480 /* Avery_LampTests.swift in Sources */,
			);
			runOnlyForDeploymentPostprocessing = 0;
		};
		BB10DD491C59DF940079C480 /* Sources */ = {
			isa = PBXSourcesBuildPhase;
			buildActionMask = 2147483647;
			files = (
				BB10DD521C59DF940079C480 /* Avery_LampUITests.swift in Sources */,
			);
			runOnlyForDeploymentPostprocessing = 0;
		};
/* End PBXSourcesBuildPhase section */

/* Begin PBXTargetDependency section */
		BB10DD441C59DF940079C480 /* PBXTargetDependency */ = {
			isa = PBXTargetDependency;
			target = BB10DD2D1C59DF940079C480 /* Avery Lamp */;
			targetProxy = BB10DD431C59DF940079C480 /* PBXContainerItemProxy */;
		};
		BB10DD4F1C59DF940079C480 /* PBXTargetDependency */ = {
			isa = PBXTargetDependency;
			target = BB10DD2D1C59DF940079C480 /* Avery Lamp */;
			targetProxy = BB10DD4E1C59DF940079C480 /* PBXContainerItemProxy */;
		};
/* End PBXTargetDependency section */

/* Begin PBXVariantGroup section */
		BB10DD351C59DF940079C480 /* Main.storyboard */ = {
			isa = PBXVariantGroup;
			children = (
				BB10DD361C59DF940079C480 /* Base */,
			);
			name = Main.storyboard;
			sourceTree = "<group>";
		};
		BB10DD3A1C59DF940079C480 /* LaunchScreen.storyboard */ = {
			isa = PBXVariantGroup;
			children = (
				BB10DD3B1C59DF940079C480 /* Base */,
			);
			name = LaunchScreen.storyboard;
			sourceTree = "<group>";
		};
/* End PBXVariantGroup section */

/* Begin XCBuildConfiguration section */
		BB10DD541C59DF940079C480 /* Debug */ = {
			isa = XCBuildConfiguration;
			buildSettings = {
				ALWAYS_SEARCH_USER_PATHS = NO;
				CLANG_CXX_LANGUAGE_STANDARD = "gnu++0x";
				CLANG_CXX_LIBRARY = "libc++";
				CLANG_ENABLE_MODULES = YES;
				CLANG_ENABLE_OBJC_ARC = YES;
				CLANG_WARN_BOOL_CONVERSION = YES;
				CLANG_WARN_CONSTANT_CONVERSION = YES;
				CLANG_WARN_DIRECT_OBJC_ISA_USAGE = YES_ERROR;
				CLANG_WARN_EMPTY_BODY = YES;
				CLANG_WARN_ENUM_CONVERSION = YES;
				CLANG_WARN_INT_CONVERSION = YES;
				CLANG_WARN_OBJC_ROOT_CLASS = YES_ERROR;
				CLANG_WARN_UNREACHABLE_CODE = YES;
				CLANG_WARN__DUPLICATE_METHOD_MATCH = YES;
				"CODE_SIGN_IDENTITY[sdk=iphoneos*]" = "iPhone Developer";
				COPY_PHASE_STRIP = NO;
				DEBUG_INFORMATION_FORMAT = dwarf;
				ENABLE_STRICT_OBJC_MSGSEND = YES;
				ENABLE_TESTABILITY = YES;
				GCC_C_LANGUAGE_STANDARD = gnu99;
				GCC_DYNAMIC_NO_PIC = NO;
				GCC_NO_COMMON_BLOCKS = YES;
				GCC_OPTIMIZATION_LEVEL = 0;
				GCC_PREPROCESSOR_DEFINITIONS = (
					"DEBUG=1",
					"$(inherited)",
				);
				GCC_WARN_64_TO_32_BIT_CONVERSION = YES;
				GCC_WARN_ABOUT_RETURN_TYPE = YES_ERROR;
				GCC_WARN_UNDECLARED_SELECTOR = YES;
				GCC_WARN_UNINITIALIZED_AUTOS = YES_AGGRESSIVE;
				GCC_WARN_UNUSED_FUNCTION = YES;
				GCC_WARN_UNUSED_VARIABLE = YES;
				IPHONEOS_DEPLOYMENT_TARGET = 9.1;
				MTL_ENABLE_DEBUG_INFO = YES;
				ONLY_ACTIVE_ARCH = YES;
				SDKROOT = iphoneos;
				SWIFT_OPTIMIZATION_LEVEL = "-Onone";
			};
			name = Debug;
		};
		BB10DD551C59DF940079C480 /* Release */ = {
			isa = XCBuildConfiguration;
			buildSettings = {
				ALWAYS_SEARCH_USER_PATHS = NO;
				CLANG_CXX_LANGUAGE_STANDARD = "gnu++0x";
				CLANG_CXX_LIBRARY = "libc++";
				CLANG_ENABLE_MODULES = YES;
				CLANG_ENABLE_OBJC_ARC = YES;
				CLANG_WARN_BOOL_CONVERSION = YES;
				CLANG_WARN_CONSTANT_CONVERSION = YES;
				CLANG_WARN_DIRECT_OBJC_ISA_USAGE = YES_ERROR;
				CLANG_WARN_EMPTY_BODY = YES;
				CLANG_WARN_ENUM_CONVERSION = YES;
				CLANG_WARN_INT_CONVERSION = YES;
				CLANG_WARN_OBJC_ROOT_CLASS = YES_ERROR;
				CLANG_WARN_UNREACHABLE_CODE = YES;
				CLANG_WARN__DUPLICATE_METHOD_MATCH = YES;
				"CODE_SIGN_IDENTITY[sdk=iphoneos*]" = "iPhone Developer";
				COPY_PHASE_STRIP = NO;
				DEBUG_INFORMATION_FORMAT = "dwarf-with-dsym";
				ENABLE_NS_ASSERTIONS = NO;
				ENABLE_STRICT_OBJC_MSGSEND = YES;
				GCC_C_LANGUAGE_STANDARD = gnu99;
				GCC_NO_COMMON_BLOCKS = YES;
				GCC_WARN_64_TO_32_BIT_CONVERSION = YES;
				GCC_WARN_ABOUT_RETURN_TYPE = YES_ERROR;
				GCC_WARN_UNDECLARED_SELECTOR = YES;
				GCC_WARN_UNINITIALIZED_AUTOS = YES_AGGRESSIVE;
				GCC_WARN_UNUSED_FUNCTION = YES;
				GCC_WARN_UNUSED_VARIABLE = YES;
				IPHONEOS_DEPLOYMENT_TARGET = 9.1;
				MTL_ENABLE_DEBUG_INFO = NO;
				SDKROOT = iphoneos;
				VALIDATE_PRODUCT = YES;
			};
			name = Release;
		};
		BB10DD571C59DF940079C480 /* Debug */ = {
			isa = XCBuildConfiguration;
			baseConfigurationReference = 5AF141CD9D659FD64A7BC9D9 /* Pods.debug.xcconfig */;
			buildSettings = {
				ASSETCATALOG_COMPILER_APPICON_NAME = AppIcon;
				CLANG_ENABLE_MODULES = YES;
				CODE_SIGN_IDENTITY = "iPhone Developer";
				INFOPLIST_FILE = "Avery Lamp/Info.plist";
				LD_RUNPATH_SEARCH_PATHS = "$(inherited) @executable_path/Frameworks";
				PRODUCT_BUNDLE_IDENTIFIER = "com.Isometric.Avery-Lamp";
				PRODUCT_NAME = "$(TARGET_NAME)";
				SWIFT_OBJC_BRIDGING_HEADER = "Avery Lamp/Avery Lamp-Bridging-Header.h";
				SWIFT_OPTIMIZATION_LEVEL = "-Onone";
			};
			name = Debug;
		};
		BB10DD581C59DF940079C480 /* Release */ = {
			isa = XCBuildConfiguration;
			baseConfigurationReference = BDD472C5AB65D9D3A8B2AD0D /* Pods.release.xcconfig */;
			buildSettings = {
				ASSETCATALOG_COMPILER_APPICON_NAME = AppIcon;
				CLANG_ENABLE_MODULES = YES;
				CODE_SIGN_IDENTITY = "iPhone Developer";
				INFOPLIST_FILE = "Avery Lamp/Info.plist";
				LD_RUNPATH_SEARCH_PATHS = "$(inherited) @executable_path/Frameworks";
				PRODUCT_BUNDLE_IDENTIFIER = "com.Isometric.Avery-Lamp";
				PRODUCT_NAME = "$(TARGET_NAME)";
				SWIFT_OBJC_BRIDGING_HEADER = "Avery Lamp/Avery Lamp-Bridging-Header.h";
			};
			name = Release;
		};
		BB10DD5A1C59DF940079C480 /* Debug */ = {
			isa = XCBuildConfiguration;
			buildSettings = {
				BUNDLE_LOADER = "$(TEST_HOST)";
				INFOPLIST_FILE = "Avery LampTests/Info.plist";
				LD_RUNPATH_SEARCH_PATHS = "$(inherited) @executable_path/Frameworks @loader_path/Frameworks";
				PRODUCT_BUNDLE_IDENTIFIER = "com.Isometric.Avery-LampTests";
				PRODUCT_NAME = "$(TARGET_NAME)";
				TEST_HOST = "$(BUILT_PRODUCTS_DIR)/Avery Lamp.app/Avery Lamp";
			};
			name = Debug;
		};
		BB10DD5B1C59DF940079C480 /* Release */ = {
			isa = XCBuildConfiguration;
			buildSettings = {
				BUNDLE_LOADER = "$(TEST_HOST)";
				INFOPLIST_FILE = "Avery LampTests/Info.plist";
				LD_RUNPATH_SEARCH_PATHS = "$(inherited) @executable_path/Frameworks @loader_path/Frameworks";
				PRODUCT_BUNDLE_IDENTIFIER = "com.Isometric.Avery-LampTests";
				PRODUCT_NAME = "$(TARGET_NAME)";
				TEST_HOST = "$(BUILT_PRODUCTS_DIR)/Avery Lamp.app/Avery Lamp";
			};
			name = Release;
		};
		BB10DD5D1C59DF940079C480 /* Debug */ = {
			isa = XCBuildConfiguration;
			buildSettings = {
				INFOPLIST_FILE = "Avery LampUITests/Info.plist";
				LD_RUNPATH_SEARCH_PATHS = "$(inherited) @executable_path/Frameworks @loader_path/Frameworks";
				PRODUCT_BUNDLE_IDENTIFIER = "com.Isometric.Avery-LampUITests";
				PRODUCT_NAME = "$(TARGET_NAME)";
				TEST_TARGET_NAME = "Avery Lamp";
				USES_XCTRUNNER = YES;
			};
			name = Debug;
		};
		BB10DD5E1C59DF940079C480 /* Release */ = {
			isa = XCBuildConfiguration;
			buildSettings = {
				INFOPLIST_FILE = "Avery LampUITests/Info.plist";
				LD_RUNPATH_SEARCH_PATHS = "$(inherited) @executable_path/Frameworks @loader_path/Frameworks";
				PRODUCT_BUNDLE_IDENTIFIER = "com.Isometric.Avery-LampUITests";
				PRODUCT_NAME = "$(TARGET_NAME)";
				TEST_TARGET_NAME = "Avery Lamp";
				USES_XCTRUNNER = YES;
			};
			name = Release;
		};
/* End XCBuildConfiguration section */

/* Begin XCConfigurationList section */
		BB10DD291C59DF940079C480 /* Build configuration list for PBXProject "Avery Lamp" */ = {
			isa = XCConfigurationList;
			buildConfigurations = (
				BB10DD541C59DF940079C480 /* Debug */,
				BB10DD551C59DF940079C480 /* Release */,
			);
			defaultConfigurationIsVisible = 0;
			defaultConfigurationName = Release;
		};
		BB10DD561C59DF940079C480 /* Build configuration list for PBXNativeTarget "Avery Lamp" */ = {
			isa = XCConfigurationList;
			buildConfigurations = (
				BB10DD571C59DF940079C480 /* Debug */,
				BB10DD581C59DF940079C480 /* Release */,
			);
			defaultConfigurationIsVisible = 0;
			defaultConfigurationName = Release;
		};
		BB10DD591C59DF940079C480 /* Build configuration list for PBXNativeTarget "Avery LampTests" */ = {
			isa = XCConfigurationList;
			buildConfigurations = (
				BB10DD5A1C59DF940079C480 /* Debug */,
				BB10DD5B1C59DF940079C480 /* Release */,
			);
			defaultConfigurationIsVisible = 0;
			defaultConfigurationName = Release;
		};
		BB10DD5C1C59DF940079C480 /* Build configuration list for PBXNativeTarget "Avery LampUITests" */ = {
			isa = XCConfigurationList;
			buildConfigurations = (
				BB10DD5D1C59DF940079C480 /* Debug */,
				BB10DD5E1C59DF940079C480 /* Release */,
			);
			defaultConfigurationIsVisible = 0;
			defaultConfigurationName = Release;
		};
/* End XCConfigurationList section */
	};
	rootObject = BB10DD261C59DF940079C480 /* Project object */;
}
